
Microsoft Visual Studio Solution File, Format Version 12.00
# Visual Studio Version 16
VisualStudioVersion = 16.0.31624.102
MinimumVisualStudioVersion = 10.0.40219.1
Project("{FAE04EC0-301F-11D3-BF4B-00C04F79EFBC}") = "MP3 Player", "MP3 Player.csproj", "{48EA5949-7298-4B09-85D6-EE32F4814681}"
EndProject
Global
	GlobalSection(SolutionConfigurationPlatforms) = preSolution
		Debug|Any CPU = Debug|Any CPU
		Release|Any CPU = Release|Any CPU
	EndGlobalSection
	GlobalSection(ProjectConfigurationPlatforms) = postSolution
		{48EA5949-7298-4B09-85D6-EE32F4814681}.Debug|Any CPU.ActiveCfg = Debug|Any CPU
		{48EA5949-7298-4B09-85D6-EE32F4814681}.Debug|Any CPU.Build.0 = Debug|Any CPU
		{48EA5949-7298-4B09-85D6-EE32F4814681}.Release|Any CPU.ActiveCfg = Release|Any CPU
		{48EA5949-7298-4B09-85D6-EE32F4814681}.Release|Any CPU.Build.0 = Release|Any CPU
	EndGlobalSection
	GlobalSection(SolutionProperties) = preSolution
		HideSolutionNode = FALSE
	EndGlobalSection
	GlobalSection(ExtensibilityGlobals) = postSolution
		SolutionGuid = {39BF77E3-CA99-4D95-AB92-17C898E9E558}
	EndGlobalSection
EndGlobal
